# THIS IS AN AUTOGENERATED FILE. DO NOT EDIT THIS FILE DIRECTLY.
# yarn lockfile v1


config@^3.3.10:
  version "3.3.10"
  resolved "https://registry.yarnpkg.com/config/-/config-3.3.10.tgz#effb354d15accfb6e2b50e1d626944c635ad1189"
  integrity sha512-9Kl3LpQ6zj93KaqgfIMTcpwTpgozFOqNl/Dk7mjras1BgGIOlqxWkyIGeU1my+sRuskRYwrCATgCk1RjAnRPGA==
  dependencies:
    json5 "^2.2.3"

json5@^2.2.3:
  version "2.2.3"
  resolved "https://registry.yarnpkg.com/json5/-/json5-2.2.3.tgz#78cd6f1a19bdc12b73db5ad0c61efd66c1e29283"
  integrity sha512-XmOWe7eyHYH14cLdVPoyg+GOH3rYX++KpzrylJwSW98t3Nk+U8XOl8FWKOgwtzdb8lXGf6zYwDUzeHMWfxasyg==
