# THIS IS AN AUTOGENERATED FILE. DO NOT EDIT THIS FILE DIRECTLY.
# yarn lockfile v1


"@keycloak/keycloak-admin-client@^22.0.5":
  version "22.0.5"
  resolved "https://registry.yarnpkg.com/@keycloak/keycloak-admin-client/-/keycloak-admin-client-22.0.5.tgz#b8c376bbe8406ecc152affe3fd938fc8672d688e"
  integrity sha512-/4unlIhZ2WDFeWltrFJCasPjrmlQ6kJ/JqntQSb1txqgVd82qITaOu1Ya9rP1fB4E99/dE8Cgmat14GviZF3mA==
  dependencies:
    camelize-ts "^3.0.0"
    lodash-es "^4.17.21"
    url-join "^5.0.0"
    url-template "^3.1.0"

camelize-ts@^3.0.0:
  version "3.0.0"
  resolved "https://registry.yarnpkg.com/camelize-ts/-/camelize-ts-3.0.0.tgz#b9a7b4ff802464dc3d6475637a64a9742ad3db09"
  integrity sha512-cgRwKKavoDKLTjO4FQTs3dRBePZp/2Y9Xpud0FhuCOTE86M2cniKN4CCXgRnsyXNMmQMifVHcv6SPaMtTx6ofQ==

lodash-es@^4.17.21:
  version "4.17.21"
  resolved "https://registry.yarnpkg.com/lodash-es/-/lodash-es-4.17.21.tgz#43e626c46e6591b7750beb2b50117390c609e3ee"
  integrity sha512-mKnC+QJ9pWVzv+C4/U3rRsHapFfHvQFoFB92e52xeyGMcX6/OlIl78je1u8vePzYZSkkogMPJ2yjxxsb89cxyw==

url-join@^5.0.0:
  version "5.0.0"
  resolved "https://registry.yarnpkg.com/url-join/-/url-join-5.0.0.tgz#c2f1e5cbd95fa91082a93b58a1f42fecb4bdbcf1"
  integrity sha512-n2huDr9h9yzd6exQVnH/jU5mr+Pfx08LRXXZhkLLetAMESRj+anQsTAh940iMrIetKAmry9coFuZQ2jY8/p3WA==

url-template@^3.1.0:
  version "3.1.0"
  resolved "https://registry.yarnpkg.com/url-template/-/url-template-3.1.0.tgz#d9be13d342ad31fcedc3c0bd21405fd141d02ff1"
  integrity sha512-vB/eHWttzhN+NZzk9FcQB2h1cSEgb7zDYyvyxPhw02LYw7YqIzO+w1AqkcKvZ51gPH8o4+nyiWve/xuQqMdJZw==
